
Microsoft Visual Studio Solution File, Format Version 12.00
# Visual Studio 15
VisualStudioVersion = 15.0.27428.2005
MinimumVisualStudioVersion = 10.0.40219.1
Project("{888888A0-9F3D-457C-B088-3A5042F75D52}") = "autotest_sapr_accordwin", "autotest_sapr_accordwin.pyproj", "{968D468D-2959-48C8-8430-536B146DBD38}"
EndProject
Global
	GlobalSection(SolutionConfigurationPlatforms) = preSolution
		Debug|Any CPU = Debug|Any CPU
		Release|Any CPU = Release|Any CPU
	EndGlobalSection
	GlobalSection(ProjectConfigurationPlatforms) = postSolution
		{968D468D-2959-48C8-8430-536B146DBD38}.Debug|Any CPU.ActiveCfg = Debug|Any CPU
		{968D468D-2959-48C8-8430-536B146DBD38}.Release|Any CPU.ActiveCfg = Release|Any CPU
	EndGlobalSection
	GlobalSection(SolutionProperties) = preSolution
		HideSolutionNode = FALSE
	EndGlobalSection
	GlobalSection(ExtensibilityGlobals) = postSolution
		SolutionGuid = {6CD33CC5-1C3D-4EBA-B7B9-F4E532958609}
	EndGlobalSection
EndGlobal
